
Microsoft Visual Studio Solution File, Format Version 12.00
# Visual Studio Version 16
VisualStudioVersion = 16.0.30611.23
MinimumVisualStudioVersion = 10.0.40219.1
Project("{FAE04EC0-301F-11D3-BF4B-00C04F79EFBC}") = "153_RecursiveMethods", "153_RecursiveMethods\153_RecursiveMethods.csproj", "{893FBBCD-7AB8-45A1-A1E0-07C3C7289200}"
EndProject
Global
	GlobalSection(SolutionConfigurationPlatforms) = preSolution
		Debug|Any CPU = Debug|Any CPU
		Release|Any CPU = Release|Any CPU
	EndGlobalSection
	GlobalSection(ProjectConfigurationPlatforms) = postSolution
		{893FBBCD-7AB8-45A1-A1E0-07C3C7289200}.Debug|Any CPU.ActiveCfg = Debug|Any CPU
		{893FBBCD-7AB8-45A1-A1E0-07C3C7289200}.Debug|Any CPU.Build.0 = Debug|Any CPU
		{893FBBCD-7AB8-45A1-A1E0-07C3C7289200}.Release|Any CPU.ActiveCfg = Release|Any CPU
		{893FBBCD-7AB8-45A1-A1E0-07C3C7289200}.Release|Any CPU.Build.0 = Release|Any CPU
	EndGlobalSection
	GlobalSection(SolutionProperties) = preSolution
		HideSolutionNode = FALSE
	EndGlobalSection
	GlobalSection(ExtensibilityGlobals) = postSolution
		SolutionGuid = {73F6BBC7-2A06-46F0-9F4C-30383DBDFCE8}
	EndGlobalSection
EndGlobal
